
Microsoft Visual Studio Solution File, Format Version 12.00
# Visual Studio Version 17
VisualStudioVersion = 17.6.33829.357
MinimumVisualStudioVersion = 10.0.40219.1
Project("{FAE04EC0-301F-11D3-BF4B-00C04F79EFBC}") = "BankTransactions", "BankTransactions\BankTransactions.csproj", "{AA01CEC9-DF5C-445A-82E4-38CB34104BE7}"
EndProject
Global
	GlobalSection(SolutionConfigurationPlatforms) = preSolution
		Debug|Any CPU = Debug|Any CPU
		Release|Any CPU = Release|Any CPU
	EndGlobalSection
	GlobalSection(ProjectConfigurationPlatforms) = postSolution
		{AA01CEC9-DF5C-445A-82E4-38CB34104BE7}.Debug|Any CPU.ActiveCfg = Debug|Any CPU
		{AA01CEC9-DF5C-445A-82E4-38CB34104BE7}.Debug|Any CPU.Build.0 = Debug|Any CPU
		{AA01CEC9-DF5C-445A-82E4-38CB34104BE7}.Release|Any CPU.ActiveCfg = Release|Any CPU
		{AA01CEC9-DF5C-445A-82E4-38CB34104BE7}.Release|Any CPU.Build.0 = Release|Any CPU
	EndGlobalSection
	GlobalSection(SolutionProperties) = preSolution
		HideSolutionNode = FALSE
	EndGlobalSection
	GlobalSection(ExtensibilityGlobals) = postSolution
		SolutionGuid = {65F8A796-B368-4CF2-A680-58B7D9EC0304}
	EndGlobalSection
EndGlobal
