
Microsoft Visual Studio Solution File, Format Version 12.00
# Visual Studio Version 17
VisualStudioVersion = 17.6.33829.357
MinimumVisualStudioVersion = 10.0.40219.1
Project("{FAE04EC0-301F-11D3-BF4B-00C04F79EFBC}") = "SpendWise", "SpendWise\SpendWise.csproj", "{0467BAA4-EA4C-4777-880D-79E3ECF63849}"
EndProject
Global
	GlobalSection(SolutionConfigurationPlatforms) = preSolution
		Debug|Any CPU = Debug|Any CPU
		Release|Any CPU = Release|Any CPU
	EndGlobalSection
	GlobalSection(ProjectConfigurationPlatforms) = postSolution
		{0467BAA4-EA4C-4777-880D-79E3ECF63849}.Debug|Any CPU.ActiveCfg = Debug|Any CPU
		{0467BAA4-EA4C-4777-880D-79E3ECF63849}.Debug|Any CPU.Build.0 = Debug|Any CPU
		{0467BAA4-EA4C-4777-880D-79E3ECF63849}.Release|Any CPU.ActiveCfg = Release|Any CPU
		{0467BAA4-EA4C-4777-880D-79E3ECF63849}.Release|Any CPU.Build.0 = Release|Any CPU
	EndGlobalSection
	GlobalSection(SolutionProperties) = preSolution
		HideSolutionNode = FALSE
	EndGlobalSection
	GlobalSection(ExtensibilityGlobals) = postSolution
		SolutionGuid = {68CA8279-DE4E-41C6-B2E5-4374965C8D64}
	EndGlobalSection
EndGlobal
